
Microsoft Visual Studio Solution File, Format Version 12.00
# Visual Studio Version 17
VisualStudioVersion = 17.10.35122.118
MinimumVisualStudioVersion = 10.0.40219.1
Project("{FAE04EC0-301F-11D3-BF4B-00C04F79EFBC}") = "LCM-Broker", "LCM-Broker\LCM-Broker.csproj", "{FC432CFC-5BC4-44D3-B108-DA3C19FD0BAC}"
EndProject
Global
	GlobalSection(SolutionConfigurationPlatforms) = preSolution
		Debug|Any CPU = Debug|Any CPU
		Release|Any CPU = Release|Any CPU
	EndGlobalSection
	GlobalSection(ProjectConfigurationPlatforms) = postSolution
		{FC432CFC-5BC4-44D3-B108-DA3C19FD0BAC}.Debug|Any CPU.ActiveCfg = Debug|Any CPU
		{FC432CFC-5BC4-44D3-B108-DA3C19FD0BAC}.Debug|Any CPU.Build.0 = Debug|Any CPU
		{FC432CFC-5BC4-44D3-B108-DA3C19FD0BAC}.Release|Any CPU.ActiveCfg = Release|Any CPU
		{FC432CFC-5BC4-44D3-B108-DA3C19FD0BAC}.Release|Any CPU.Build.0 = Release|Any CPU
	EndGlobalSection
	GlobalSection(SolutionProperties) = preSolution
		HideSolutionNode = FALSE
	EndGlobalSection
	GlobalSection(ExtensibilityGlobals) = postSolution
		SolutionGuid = {AA1AE259-C201-4BA4-B4A3-D1E93E0566A4}
	EndGlobalSection
EndGlobal
